
Microsoft Visual Studio Solution File, Format Version 12.00
# Visual Studio Version 17
VisualStudioVersion = 17.7.34031.279
MinimumVisualStudioVersion = 10.0.40219.1
Project("{FAE04EC0-301F-11D3-BF4B-00C04F79EFBC}") = "UcakWebProje", "UcakWebProje\UcakWebProje.csproj", "{97FA4100-2736-4A02-8F65-31BC13DA2B4C}"
EndProject
Global
	GlobalSection(SolutionConfigurationPlatforms) = preSolution
		Debug|Any CPU = Debug|Any CPU
		Release|Any CPU = Release|Any CPU
	EndGlobalSection
	GlobalSection(ProjectConfigurationPlatforms) = postSolution
		{97FA4100-2736-4A02-8F65-31BC13DA2B4C}.Debug|Any CPU.ActiveCfg = Debug|Any CPU
		{97FA4100-2736-4A02-8F65-31BC13DA2B4C}.Debug|Any CPU.Build.0 = Debug|Any CPU
		{97FA4100-2736-4A02-8F65-31BC13DA2B4C}.Release|Any CPU.ActiveCfg = Release|Any CPU
		{97FA4100-2736-4A02-8F65-31BC13DA2B4C}.Release|Any CPU.Build.0 = Release|Any CPU
	EndGlobalSection
	GlobalSection(SolutionProperties) = preSolution
		HideSolutionNode = FALSE
	EndGlobalSection
	GlobalSection(ExtensibilityGlobals) = postSolution
		SolutionGuid = {B9F178A5-4C73-4170-95C3-FA0165709730}
	EndGlobalSection
EndGlobal
